
Microsoft Visual Studio Solution File, Format Version 12.00
# Visual Studio Version 17
VisualStudioVersion = 17.4.33213.308
MinimumVisualStudioVersion = 10.0.40219.1
Project("{FAE04EC0-301F-11D3-BF4B-00C04F79EFBC}") = "CozySOCKS", "CozySOCKS.csproj", "{E7F31C19-D5B0-41B8-BAE5-9E81F24E6E30}"
EndProject
Global
	GlobalSection(SolutionConfigurationPlatforms) = preSolution
		Debug|Any CPU = Debug|Any CPU
		Release|Any CPU = Release|Any CPU
	EndGlobalSection
	GlobalSection(ProjectConfigurationPlatforms) = postSolution
		{E7F31C19-D5B0-41B8-BAE5-9E81F24E6E30}.Debug|Any CPU.ActiveCfg = Debug|Any CPU
		{E7F31C19-D5B0-41B8-BAE5-9E81F24E6E30}.Debug|Any CPU.Build.0 = Debug|Any CPU
		{E7F31C19-D5B0-41B8-BAE5-9E81F24E6E30}.Release|Any CPU.ActiveCfg = Release|Any CPU
		{E7F31C19-D5B0-41B8-BAE5-9E81F24E6E30}.Release|Any CPU.Build.0 = Release|Any CPU
	EndGlobalSection
	GlobalSection(SolutionProperties) = preSolution
		HideSolutionNode = FALSE
	EndGlobalSection
	GlobalSection(ExtensibilityGlobals) = postSolution
		SolutionGuid = {FC03414F-BCAF-4EF5-B921-4A480BE1AB6E}
	EndGlobalSection
EndGlobal
